// !$*UTF8*$!
{
	archiveVersion = 1;
	classes = {
	};
	objectVersion = 56;
	objects = {

/* Begin PBXBuildFile section */
		180946C0293733640061AA22 /* FirebaseManager.swift in Sources */ = {isa = PBXBuildFile; fileRef = 180946BF293733640061AA22 /* FirebaseManager.swift */; };
		180946D129373F3D0061AA22 /* Notifications.swift in Sources */ = {isa = PBXBuildFile; fileRef = 180946CB29373F390061AA22 /* Notifications.swift */; };
		180946D229373F3D0061AA22 /* AudioRecorder.swift in Sources */ = {isa = PBXBuildFile; fileRef = 180946CC29373F3A0061AA22 /* AudioRecorder.swift */; };
		180946D329373F3D0061AA22 /* LocationManager.swift in Sources */ = {isa = PBXBuildFile; fileRef = 180946CF29373F3B0061AA22 /* LocationManager.swift */; };
		180946D429373F3D0061AA22 /* ImagePicker.swift in Sources */ = {isa = PBXBuildFile; fileRef = 180946D029373F3C0061AA22 /* ImagePicker.swift */; };
		180946D529373F3D0061AA22 /* Alerts.swift in Sources */ = {isa = PBXBuildFile; fileRef = 180946CD29373F3A0061AA22 /* Alerts.swift */; };
		180946D629373F3D0061AA22 /* AudioPlayer.swift in Sources */ = {isa = PBXBuildFile; fileRef = 180946CA29373F390061AA22 /* AudioPlayer.swift */; };
		180946D729373F3D0061AA22 /* TimerManager.swift in Sources */ = {isa = PBXBuildFile; fileRef = 180946CE29373F3B0061AA22 /* TimerManager.swift */; };
		180946DE29373F720061AA22 /* Double+Extension.swift in Sources */ = {isa = PBXBuildFile; fileRef = 180946DC29373F710061AA22 /* Double+Extension.swift */; };
		180946DF29373F720061AA22 /* TypeOfContent.swift in Sources */ = {isa = PBXBuildFile; fileRef = 180946DA29373F700061AA22 /* TypeOfContent.swift */; };
		180946E029373F720061AA22 /* Array+Extension.swift in Sources */ = {isa = PBXBuildFile; fileRef = 180946DB29373F710061AA22 /* Array+Extension.swift */; };
		180946E129373F720061AA22 /* String+Extension.swift in Sources */ = {isa = PBXBuildFile; fileRef = 180946D929373F6F0061AA22 /* String+Extension.swift */; };
		180946E229373F720061AA22 /* BubbleColors.swift in Sources */ = {isa = PBXBuildFile; fileRef = 180946DD29373F720061AA22 /* BubbleColors.swift */; };
		180946E329373F720061AA22 /* Date+Extension.swift in Sources */ = {isa = PBXBuildFile; fileRef = 180946D829373F6F0061AA22 /* Date+Extension.swift */; };
		181552572935B62800E051FE /* Preview Assets.xcassets in Resources */ = {isa = PBXBuildFile; fileRef = 181552562935B62800E051FE /* Preview Assets.xcassets */; };
		1815525C2935B62800E051FE /* iTalk2.xcdatamodeld in Sources */ = {isa = PBXBuildFile; fileRef = 1815525A2935B62800E051FE /* iTalk2.xcdatamodeld */; };
		181552672935B62900E051FE /* iTalk2Tests.swift in Sources */ = {isa = PBXBuildFile; fileRef = 181552662935B62900E051FE /* iTalk2Tests.swift */; };
		181552712935B62900E051FE /* iTalk2UITests.swift in Sources */ = {isa = PBXBuildFile; fileRef = 181552702935B62900E051FE /* iTalk2UITests.swift */; };
		181552732935B62900E051FE /* iTalk2UITestsLaunchTests.swift in Sources */ = {isa = PBXBuildFile; fileRef = 181552722935B62900E051FE /* iTalk2UITestsLaunchTests.swift */; };
		181552802935B65B00E051FE /* README.md in Resources */ = {isa = PBXBuildFile; fileRef = 1815527F2935B65B00E051FE /* README.md */; };
		181552852935B6BA00E051FE /* Documentation.docc in Sources */ = {isa = PBXBuildFile; fileRef = 181552842935B6BA00E051FE /* Documentation.docc */; };
		1829E518293610CF008BF351 /* GoogleService-Info.plist in Resources */ = {isa = PBXBuildFile; fileRef = 1829E517293610CF008BF351 /* GoogleService-Info.plist */; };
		18A603B1293730C800C45CC9 /* LogInView.swift in Sources */ = {isa = PBXBuildFile; fileRef = 18A603B0293730C800C45CC9 /* LogInView.swift */; };
		18A603B52937315400C45CC9 /* ChatsVM.swift in Sources */ = {isa = PBXBuildFile; fileRef = 18A603B42937315200C45CC9 /* ChatsVM.swift */; };
		18A603B62937315400C45CC9 /* LogInSignInVM.swift in Sources */ = {isa = PBXBuildFile; fileRef = 18A603B22937315100C45CC9 /* LogInSignInVM.swift */; };
		18A603B72937315400C45CC9 /* ContactsVM.swift in Sources */ = {isa = PBXBuildFile; fileRef = 18A603B32937315100C45CC9 /* ContactsVM.swift */; };
		18A603BD2937319400C45CC9 /* FirebaseConstants.swift in Sources */ = {isa = PBXBuildFile; fileRef = 18A603B82937317E00C45CC9 /* FirebaseConstants.swift */; };
		18A603BE2937319400C45CC9 /* RecentMessage.swift in Sources */ = {isa = PBXBuildFile; fileRef = 18A603BC2937319300C45CC9 /* RecentMessage.swift */; };
		18A603BF2937319400C45CC9 /* User.swift in Sources */ = {isa = PBXBuildFile; fileRef = 18A603BA2937318700C45CC9 /* User.swift */; };
		18A603C02937319400C45CC9 /* Chat.swift in Sources */ = {isa = PBXBuildFile; fileRef = 18A603B92937318000C45CC9 /* Chat.swift */; };
		18A603C12937319400C45CC9 /* FirebaseDocument.swift in Sources */ = {isa = PBXBuildFile; fileRef = 18A603BB2937318F00C45CC9 /* FirebaseDocument.swift */; };
		18BACEB72936863A005EE142 /* iTalk2App.swift in Sources */ = {isa = PBXBuildFile; fileRef = 18BACEB62936863A005EE142 /* iTalk2App.swift */; };
		18BACEB929368697005EE142 /* Persistence.swift in Sources */ = {isa = PBXBuildFile; fileRef = 18BACEB829368697005EE142 /* Persistence.swift */; };
		18BACEBB293686C5005EE142 /* ContentView.swift in Sources */ = {isa = PBXBuildFile; fileRef = 18BACEBA293686C5005EE142 /* ContentView.swift */; };
		18BACEE72936EA91005EE142 /* GridLayout.swift in Sources */ = {isa = PBXBuildFile; fileRef = 18BACEDE2936EA8F005EE142 /* GridLayout.swift */; };
		18BACEED2936EA91005EE142 /* Grid.swift in Sources */ = {isa = PBXBuildFile; fileRef = 18BACEE12936EA90005EE142 /* Grid.swift */; };
		18BACEF32936EE2E005EE142 /* SDWebImageSwiftUI in Frameworks */ = {isa = PBXBuildFile; productRef = 18BACEF22936EE2E005EE142 /* SDWebImageSwiftUI */; };
		18BACEF62936F1AF005EE142 /* FirebaseAuth in Frameworks */ = {isa = PBXBuildFile; productRef = 18BACEF52936F1AF005EE142 /* FirebaseAuth */; };
		18BACEF82936F1AF005EE142 /* FirebaseDatabase in Frameworks */ = {isa = PBXBuildFile; productRef = 18BACEF72936F1AF005EE142 /* FirebaseDatabase */; };
		18BACEFA2936F1AF005EE142 /* FirebaseDatabaseSwift in Frameworks */ = {isa = PBXBuildFile; productRef = 18BACEF92936F1AF005EE142 /* FirebaseDatabaseSwift */; };
		18BACEFC2936F1AF005EE142 /* FirebaseFirestore in Frameworks */ = {isa = PBXBuildFile; productRef = 18BACEFB2936F1AF005EE142 /* FirebaseFirestore */; };
		18BACEFE2936F1AF005EE142 /* FirebaseFirestoreSwift in Frameworks */ = {isa = PBXBuildFile; productRef = 18BACEFD2936F1AF005EE142 /* FirebaseFirestoreSwift */; };
		18BACF002936F1AF005EE142 /* FirebaseStorage in Frameworks */ = {isa = PBXBuildFile; productRef = 18BACEFF2936F1AF005EE142 /* FirebaseStorage */; };
		18BACF0429370552005EE142 /* iTalkView.swift in Sources */ = {isa = PBXBuildFile; fileRef = 18BACF0229370550005EE142 /* iTalkView.swift */; };
		18BACF0529370552005EE142 /* NotificationsView.swift in Sources */ = {isa = PBXBuildFile; fileRef = 18BACF0129370550005EE142 /* NotificationsView.swift */; };
		18BACF0629370552005EE142 /* SettingsView.swift in Sources */ = {isa = PBXBuildFile; fileRef = 18BACF0329370551005EE142 /* SettingsView.swift */; };
		18BACF0E2937055D005EE142 /* ChatAudioBar.swift in Sources */ = {isa = PBXBuildFile; fileRef = 18BACF0D2937055D005EE142 /* ChatAudioBar.swift */; };
		18BACF0F2937055D005EE142 /* MapView.swift in Sources */ = {isa = PBXBuildFile; fileRef = 18BACF0B2937055C005EE142 /* MapView.swift */; };
		18BACF102937055D005EE142 /* PhotoView.swift in Sources */ = {isa = PBXBuildFile; fileRef = 18BACF0C2937055C005EE142 /* PhotoView.swift */; };
		18BACF112937055D005EE142 /* ChatView.swift in Sources */ = {isa = PBXBuildFile; fileRef = 18BACF082937055B005EE142 /* ChatView.swift */; };
		18BACF122937055D005EE142 /* ImageZoom.swift in Sources */ = {isa = PBXBuildFile; fileRef = 18BACF072937055B005EE142 /* ImageZoom.swift */; };
		18BACF132937055D005EE142 /* ChatTextBar.swift in Sources */ = {isa = PBXBuildFile; fileRef = 18BACF0A2937055C005EE142 /* ChatTextBar.swift */; };
		18BACF142937055D005EE142 /* InputsButtons.swift in Sources */ = {isa = PBXBuildFile; fileRef = 18BACF092937055B005EE142 /* InputsButtons.swift */; };
		18BACF172937056A005EE142 /* ContactCell.swift in Sources */ = {isa = PBXBuildFile; fileRef = 18BACF1629370569005EE142 /* ContactCell.swift */; };
		18BACF182937056A005EE142 /* ContactsView.swift in Sources */ = {isa = PBXBuildFile; fileRef = 18BACF1529370569005EE142 /* ContactsView.swift */; };
		18BACF1B2937056F005EE142 /* HistoryView.swift in Sources */ = {isa = PBXBuildFile; fileRef = 18BACF1A2937056F005EE142 /* HistoryView.swift */; };
		18BACF1C2937056F005EE142 /* HistoryCell.swift in Sources */ = {isa = PBXBuildFile; fileRef = 18BACF192937056F005EE142 /* HistoryCell.swift */; };
		18C491892935BDE800844F38 /* ContentView2.swift in Sources */ = {isa = PBXBuildFile; fileRef = 18C491882935BDE800844F38 /* ContentView2.swift */; };
		18C4918B2935BE1600844F38 /* ContentView3.swift in Sources */ = {isa = PBXBuildFile; fileRef = 18C4918A2935BE1600844F38 /* ContentView3.swift */; };
/* End PBXBuildFile section */

/* Begin PBXContainerItemProxy section */
		181552632935B62900E051FE /* PBXContainerItemProxy */ = {
			isa = PBXContainerItemProxy;
			containerPortal = 181552442935B62500E051FE /* Project object */;
			proxyType = 1;
			remoteGlobalIDString = 1815524B2935B62500E051FE;
			remoteInfo = iTalk2;
		};
		1815526D2935B62900E051FE /* PBXContainerItemProxy */ = {
			isa = PBXContainerItemProxy;
			containerPortal = 181552442935B62500E051FE /* Project object */;
			proxyType = 1;
			remoteGlobalIDString = 1815524B2935B62500E051FE;
			remoteInfo = iTalk2;
		};
/* End PBXContainerItemProxy section */

/* Begin PBXFileReference section */
		180946BF293733640061AA22 /* FirebaseManager.swift */ = {isa = PBXFileReference; fileEncoding = 4; lastKnownFileType = sourcecode.swift; path = FirebaseManager.swift; sourceTree = "<group>"; };
		180946CA29373F390061AA22 /* AudioPlayer.swift */ = {isa = PBXFileReference; lastKnownFileType = sourcecode.swift; path = AudioPlayer.swift; sourceTree = "<group>"; };
		180946CB29373F390061AA22 /* Notifications.swift */ = {isa = PBXFileReference; lastKnownFileType = sourcecode.swift; path = Notifications.swift; sourceTree = "<group>"; };
		180946CC29373F3A0061AA22 /* AudioRecorder.swift */ = {isa = PBXFileReference; lastKnownFileType = sourcecode.swift; path = AudioRecorder.swift; sourceTree = "<group>"; };
		180946CD29373F3A0061AA22 /* Alerts.swift */ = {isa = PBXFileReference; lastKnownFileType = sourcecode.swift; path = Alerts.swift; sourceTree = "<group>"; };
		180946CE29373F3B0061AA22 /* TimerManager.swift */ = {isa = PBXFileReference; lastKnownFileType = sourcecode.swift; path = TimerManager.swift; sourceTree = "<group>"; };
		180946CF29373F3B0061AA22 /* LocationManager.swift */ = {isa = PBXFileReference; lastKnownFileType = sourcecode.swift; path = LocationManager.swift; sourceTree = "<group>"; };
		180946D029373F3C0061AA22 /* ImagePicker.swift */ = {isa = PBXFileReference; lastKnownFileType = sourcecode.swift; path = ImagePicker.swift; sourceTree = "<group>"; };
		180946D829373F6F0061AA22 /* Date+Extension.swift */ = {isa = PBXFileReference; lastKnownFileType = sourcecode.swift; path = "Date+Extension.swift"; sourceTree = "<group>"; };
		180946D929373F6F0061AA22 /* String+Extension.swift */ = {isa = PBXFileReference; lastKnownFileType = sourcecode.swift; path = "String+Extension.swift"; sourceTree = "<group>"; };
		180946DA29373F700061AA22 /* TypeOfContent.swift */ = {isa = PBXFileReference; lastKnownFileType = sourcecode.swift; path = TypeOfContent.swift; sourceTree = "<group>"; };
		180946DB29373F710061AA22 /* Array+Extension.swift */ = {isa = PBXFileReference; lastKnownFileType = sourcecode.swift; path = "Array+Extension.swift"; sourceTree = "<group>"; };
		180946DC29373F710061AA22 /* Double+Extension.swift */ = {isa = PBXFileReference; lastKnownFileType = sourcecode.swift; path = "Double+Extension.swift"; sourceTree = "<group>"; };
		180946DD29373F720061AA22 /* BubbleColors.swift */ = {isa = PBXFileReference; lastKnownFileType = sourcecode.swift; path = BubbleColors.swift; sourceTree = "<group>"; };
		1815524C2935B62500E051FE /* iTalk2.app */ = {isa = PBXFileReference; explicitFileType = wrapper.application; includeInIndex = 0; path = iTalk2.app; sourceTree = BUILT_PRODUCTS_DIR; };
		181552562935B62800E051FE /* Preview Assets.xcassets */ = {isa = PBXFileReference; lastKnownFileType = folder.assetcatalog; path = "Preview Assets.xcassets"; sourceTree = "<group>"; };
		1815525B2935B62800E051FE /* iTalk2.xcdatamodel */ = {isa = PBXFileReference; lastKnownFileType = wrapper.xcdatamodel; path = iTalk2.xcdatamodel; sourceTree = "<group>"; };
		1815525D2935B62800E051FE /* Info.plist */ = {isa = PBXFileReference; lastKnownFileType = text.plist.xml; path = Info.plist; sourceTree = "<group>"; };
		181552622935B62900E051FE /* iTalk2Tests.xctest */ = {isa = PBXFileReference; explicitFileType = wrapper.cfbundle; includeInIndex = 0; path = iTalk2Tests.xctest; sourceTree = BUILT_PRODUCTS_DIR; };
		181552662935B62900E051FE /* iTalk2Tests.swift */ = {isa = PBXFileReference; lastKnownFileType = sourcecode.swift; path = iTalk2Tests.swift; sourceTree = "<group>"; };
		1815526C2935B62900E051FE /* iTalk2UITests.xctest */ = {isa = PBXFileReference; explicitFileType = wrapper.cfbundle; includeInIndex = 0; path = iTalk2UITests.xctest; sourceTree = BUILT_PRODUCTS_DIR; };
		181552702935B62900E051FE /* iTalk2UITests.swift */ = {isa = PBXFileReference; lastKnownFileType = sourcecode.swift; path = iTalk2UITests.swift; sourceTree = "<group>"; };
		181552722935B62900E051FE /* iTalk2UITestsLaunchTests.swift */ = {isa = PBXFileReference; lastKnownFileType = sourcecode.swift; path = iTalk2UITestsLaunchTests.swift; sourceTree = "<group>"; };
		1815527F2935B65B00E051FE /* README.md */ = {isa = PBXFileReference; fileEncoding = 4; lastKnownFileType = net.daringfireball.markdown; path = README.md; sourceTree = "<group>"; };
		181552842935B6BA00E051FE /* Documentation.docc */ = {isa = PBXFileReference; lastKnownFileType = folder.documentationcatalog; path = Documentation.docc; sourceTree = "<group>"; };
		1829E517293610CF008BF351 /* GoogleService-Info.plist */ = {isa = PBXFileReference; fileEncoding = 4; lastKnownFileType = text.plist.xml; path = "GoogleService-Info.plist"; sourceTree = "<group>"; };
		18A603B0293730C800C45CC9 /* LogInView.swift */ = {isa = PBXFileReference; fileEncoding = 4; lastKnownFileType = sourcecode.swift; path = LogInView.swift; sourceTree = "<group>"; };
		18A603B22937315100C45CC9 /* LogInSignInVM.swift */ = {isa = PBXFileReference; lastKnownFileType = sourcecode.swift; path = LogInSignInVM.swift; sourceTree = "<group>"; };
		18A603B32937315100C45CC9 /* ContactsVM.swift */ = {isa = PBXFileReference; lastKnownFileType = sourcecode.swift; path = ContactsVM.swift; sourceTree = "<group>"; };
		18A603B42937315200C45CC9 /* ChatsVM.swift */ = {isa = PBXFileReference; lastKnownFileType = sourcecode.swift; path = ChatsVM.swift; sourceTree = "<group>"; };
		18A603B82937317E00C45CC9 /* FirebaseConstants.swift */ = {isa = PBXFileReference; lastKnownFileType = sourcecode.swift; path = FirebaseConstants.swift; sourceTree = "<group>"; };
		18A603B92937318000C45CC9 /* Chat.swift */ = {isa = PBXFileReference; lastKnownFileType = sourcecode.swift; path = Chat.swift; sourceTree = "<group>"; };
		18A603BA2937318700C45CC9 /* User.swift */ = {isa = PBXFileReference; lastKnownFileType = sourcecode.swift; path = User.swift; sourceTree = "<group>"; };
		18A603BB2937318F00C45CC9 /* FirebaseDocument.swift */ = {isa = PBXFileReference; lastKnownFileType = sourcecode.swift; path = FirebaseDocument.swift; sourceTree = "<group>"; };
		18A603BC2937319300C45CC9 /* RecentMessage.swift */ = {isa = PBXFileReference; lastKnownFileType = sourcecode.swift; path = RecentMessage.swift; sourceTree = "<group>"; };
		18BACEB62936863A005EE142 /* iTalk2App.swift */ = {isa = PBXFileReference; lastKnownFileType = sourcecode.swift; path = iTalk2App.swift; sourceTree = "<group>"; };
		18BACEB829368697005EE142 /* Persistence.swift */ = {isa = PBXFileReference; lastKnownFileType = sourcecode.swift; path = Persistence.swift; sourceTree = "<group>"; };
		18BACEBA293686C5005EE142 /* ContentView.swift */ = {isa = PBXFileReference; lastKnownFileType = sourcecode.swift; path = ContentView.swift; sourceTree = "<group>"; };
		18BACED02936EA83005EE142 /* Assets.xcassets */ = {isa = PBXFileReference; lastKnownFileType = folder.assetcatalog; path = Assets.xcassets; sourceTree = "<group>"; };
		18BACEDE2936EA8F005EE142 /* GridLayout.swift */ = {isa = PBXFileReference; lastKnownFileType = sourcecode.swift; path = GridLayout.swift; sourceTree = "<group>"; };
		18BACEE12936EA90005EE142 /* Grid.swift */ = {isa = PBXFileReference; lastKnownFileType = sourcecode.swift; path = Grid.swift; sourceTree = "<group>"; };
		18BACF0129370550005EE142 /* NotificationsView.swift */ = {isa = PBXFileReference; lastKnownFileType = sourcecode.swift; path = NotificationsView.swift; sourceTree = "<group>"; };
		18BACF0229370550005EE142 /* iTalkView.swift */ = {isa = PBXFileReference; lastKnownFileType = sourcecode.swift; path = iTalkView.swift; sourceTree = "<group>"; };
		18BACF0329370551005EE142 /* SettingsView.swift */ = {isa = PBXFileReference; lastKnownFileType = sourcecode.swift; path = SettingsView.swift; sourceTree = "<group>"; };
		18BACF072937055B005EE142 /* ImageZoom.swift */ = {isa = PBXFileReference; lastKnownFileType = sourcecode.swift; path = ImageZoom.swift; sourceTree = "<group>"; };
		18BACF082937055B005EE142 /* ChatView.swift */ = {isa = PBXFileReference; lastKnownFileType = sourcecode.swift; path = ChatView.swift; sourceTree = "<group>"; };
		18BACF092937055B005EE142 /* InputsButtons.swift */ = {isa = PBXFileReference; lastKnownFileType = sourcecode.swift; path = InputsButtons.swift; sourceTree = "<group>"; };
		18BACF0A2937055C005EE142 /* ChatTextBar.swift */ = {isa = PBXFileReference; lastKnownFileType = sourcecode.swift; path = ChatTextBar.swift; sourceTree = "<group>"; };
		18BACF0B2937055C005EE142 /* MapView.swift */ = {isa = PBXFileReference; lastKnownFileType = sourcecode.swift; path = MapView.swift; sourceTree = "<group>"; };
		18BACF0C2937055C005EE142 /* PhotoView.swift */ = {isa = PBXFileReference; lastKnownFileType = sourcecode.swift; path = PhotoView.swift; sourceTree = "<group>"; };
		18BACF0D2937055D005EE142 /* ChatAudioBar.swift */ = {isa = PBXFileReference; lastKnownFileType = sourcecode.swift; path = ChatAudioBar.swift; sourceTree = "<group>"; };
		18BACF1529370569005EE142 /* ContactsView.swift */ = {isa = PBXFileReference; lastKnownFileType = sourcecode.swift; path = ContactsView.swift; sourceTree = "<group>"; };
		18BACF1629370569005EE142 /* ContactCell.swift */ = {isa = PBXFileReference; lastKnownFileType = sourcecode.swift; path = ContactCell.swift; sourceTree = "<group>"; };
		18BACF192937056F005EE142 /* HistoryCell.swift */ = {isa = PBXFileReference; lastKnownFileType = sourcecode.swift; path = HistoryCell.swift; sourceTree = "<group>"; };
		18BACF1A2937056F005EE142 /* HistoryView.swift */ = {isa = PBXFileReference; lastKnownFileType = sourcecode.swift; path = HistoryView.swift; sourceTree = "<group>"; };
		18C491882935BDE800844F38 /* ContentView2.swift */ = {isa = PBXFileReference; lastKnownFileType = sourcecode.swift; path = ContentView2.swift; sourceTree = "<group>"; };
		18C4918A2935BE1600844F38 /* ContentView3.swift */ = {isa = PBXFileReference; lastKnownFileType = sourcecode.swift; path = ContentView3.swift; sourceTree = "<group>"; };
/* End PBXFileReference section */

/* Begin PBXFrameworksBuildPhase section */
		181552492935B62500E051FE /* Frameworks */ = {
			isa = PBXFrameworksBuildPhase;
			buildActionMask = 2147483647;
			files = (
				18BACEFA2936F1AF005EE142 /* FirebaseDatabaseSwift in Frameworks */,
				18BACEF82936F1AF005EE142 /* FirebaseDatabase in Frameworks */,
				18BACEF32936EE2E005EE142 /* SDWebImageSwiftUI in Frameworks */,
				18BACEFC2936F1AF005EE142 /* FirebaseFirestore in Frameworks */,
				18BACF002936F1AF005EE142 /* FirebaseStorage in Frameworks */,
				18BACEF62936F1AF005EE142 /* FirebaseAuth in Frameworks */,
				18BACEFE2936F1AF005EE142 /* FirebaseFirestoreSwift in Frameworks */,
			);
			runOnlyForDeploymentPostprocessing = 0;
		};
		1815525F2935B62900E051FE /* Frameworks */ = {
			isa = PBXFrameworksBuildPhase;
			buildActionMask = 2147483647;
			files = (
			);
			runOnlyForDeploymentPostprocessing = 0;
		};
		181552692935B62900E051FE /* Frameworks */ = {
			isa = PBXFrameworksBuildPhase;
			buildActionMask = 2147483647;
			files = (
			);
			runOnlyForDeploymentPostprocessing = 0;
		};
/* End PBXFrameworksBuildPhase section */

/* Begin PBXGroup section */
		180946BD293732570061AA22 /* VisualModel */ = {
			isa = PBXGroup;
			children = (
				18A603B42937315200C45CC9 /* ChatsVM.swift */,
				18A603B32937315100C45CC9 /* ContactsVM.swift */,
				18A603B22937315100C45CC9 /* LogInSignInVM.swift */,
			);
			path = VisualModel;
			sourceTree = "<group>";
		};
		180946C5293735DC0061AA22 /* Model */ = {
			isa = PBXGroup;
			children = (
				180946BF293733640061AA22 /* FirebaseManager.swift */,
				18A603B92937318000C45CC9 /* Chat.swift */,
				18A603B82937317E00C45CC9 /* FirebaseConstants.swift */,
				18A603BB2937318F00C45CC9 /* FirebaseDocument.swift */,
				18A603BC2937319300C45CC9 /* RecentMessage.swift */,
				18A603BA2937318700C45CC9 /* User.swift */,
			);
			path = Model;
			sourceTree = "<group>";
		};
		180946E429373FF50061AA22 /* View */ = {
			isa = PBXGroup;
			children = (
				18BACED02936EA83005EE142 /* Assets.xcassets */,
				18BACF0229370550005EE142 /* iTalkView.swift */,
				18BACF0129370550005EE142 /* NotificationsView.swift */,
				18BACF0329370551005EE142 /* SettingsView.swift */,
				18A603B0293730C800C45CC9 /* LogInView.swift */,
				180946E7293741180061AA22 /* Chat */,
				180946E6293740EF0061AA22 /* Contact */,
				180946E5293740DD0061AA22 /* History */,
			);
			path = View;
			sourceTree = "<group>";
		};
		180946E5293740DD0061AA22 /* History */ = {
			isa = PBXGroup;
			children = (
				18BACF192937056F005EE142 /* HistoryCell.swift */,
				18BACF1A2937056F005EE142 /* HistoryView.swift */,
			);
			path = History;
			sourceTree = "<group>";
		};
		180946E6293740EF0061AA22 /* Contact */ = {
			isa = PBXGroup;
			children = (
				18BACF1629370569005EE142 /* ContactCell.swift */,
				18BACF1529370569005EE142 /* ContactsView.swift */,
			);
			path = Contact;
			sourceTree = "<group>";
		};
		180946E7293741180061AA22 /* Chat */ = {
			isa = PBXGroup;
			children = (
				18BACF0D2937055D005EE142 /* ChatAudioBar.swift */,
				18BACF0A2937055C005EE142 /* ChatTextBar.swift */,
				18BACF082937055B005EE142 /* ChatView.swift */,
				18BACF072937055B005EE142 /* ImageZoom.swift */,
				18BACF092937055B005EE142 /* InputsButtons.swift */,
				18BACF0B2937055C005EE142 /* MapView.swift */,
				18BACF0C2937055C005EE142 /* PhotoView.swift */,
			);
			path = Chat;
			sourceTree = "<group>";
		};
		180946E8293741870061AA22 /* Support */ = {
			isa = PBXGroup;
			children = (
				180946EB293742430061AA22 /* Helpers */,
				180946EA293742340061AA22 /* Enum */,
				180946E92937421C0061AA22 /* Extensions */,
			);
			path = Support;
			sourceTree = "<group>";
		};
		180946E92937421C0061AA22 /* Extensions */ = {
			isa = PBXGroup;
			children = (
				180946DB29373F710061AA22 /* Array+Extension.swift */,
				180946D829373F6F0061AA22 /* Date+Extension.swift */,
				180946DC29373F710061AA22 /* Double+Extension.swift */,
				180946D929373F6F0061AA22 /* String+Extension.swift */,
			);
			path = Extensions;
			sourceTree = "<group>";
		};
		180946EA293742340061AA22 /* Enum */ = {
			isa = PBXGroup;
			children = (
				180946DD29373F720061AA22 /* BubbleColors.swift */,
				180946DA29373F700061AA22 /* TypeOfContent.swift */,
			);
			path = Enum;
			sourceTree = "<group>";
		};
		180946EB293742430061AA22 /* Helpers */ = {
			isa = PBXGroup;
			children = (
				180946CD29373F3A0061AA22 /* Alerts.swift */,
				180946CA29373F390061AA22 /* AudioPlayer.swift */,
				180946CC29373F3A0061AA22 /* AudioRecorder.swift */,
				180946D029373F3C0061AA22 /* ImagePicker.swift */,
				180946CF29373F3B0061AA22 /* LocationManager.swift */,
				180946CB29373F390061AA22 /* Notifications.swift */,
				180946CE29373F3B0061AA22 /* TimerManager.swift */,
			);
			path = Helpers;
			sourceTree = "<group>";
		};
		181552432935B62500E051FE = {
			isa = PBXGroup;
			children = (
				1815527F2935B65B00E051FE /* README.md */,
				1815524E2935B62500E051FE /* iTalk2 */,
				181552652935B62900E051FE /* iTalk2Tests */,
				1815526F2935B62900E051FE /* iTalk2UITests */,
				1815524D2935B62500E051FE /* Products */,
			);
			sourceTree = "<group>";
		};
		1815524D2935B62500E051FE /* Products */ = {
			isa = PBXGroup;
			children = (
				1815524C2935B62500E051FE /* iTalk2.app */,
				181552622935B62900E051FE /* iTalk2Tests.xctest */,
				1815526C2935B62900E051FE /* iTalk2UITests.xctest */,
			);
			name = Products;
			sourceTree = "<group>";
		};
		1815524E2935B62500E051FE /* iTalk2 */ = {
			isa = PBXGroup;
			children = (
				1815525A2935B62800E051FE /* iTalk2.xcdatamodeld */,
				1815525D2935B62800E051FE /* Info.plist */,
				18BACEB62936863A005EE142 /* iTalk2App.swift */,
				18BACEB829368697005EE142 /* Persistence.swift */,
				18BACEBA293686C5005EE142 /* ContentView.swift */,
				1829E517293610CF008BF351 /* GoogleService-Info.plist */,
				181552842935B6BA00E051FE /* Documentation.docc */,
				180946C5293735DC0061AA22 /* Model */,
				180946BD293732570061AA22 /* VisualModel */,
				180946E429373FF50061AA22 /* View */,
				180946E8293741870061AA22 /* Support */,
				181552832935B67900E051FE /* New Group */,
				181552552935B62800E051FE /* Preview Content */,
			);
			path = iTalk2;
			sourceTree = "<group>";
		};
		181552552935B62800E051FE /* Preview Content */ = {
			isa = PBXGroup;
			children = (
				181552562935B62800E051FE /* Preview Assets.xcassets */,
			);
			path = "Preview Content";
			sourceTree = "<group>";
		};
		181552652935B62900E051FE /* iTalk2Tests */ = {
			isa = PBXGroup;
			children = (
				181552662935B62900E051FE /* iTalk2Tests.swift */,
			);
			path = iTalk2Tests;
			sourceTree = "<group>";
		};
		1815526F2935B62900E051FE /* iTalk2UITests */ = {
			isa = PBXGroup;
			children = (
				181552702935B62900E051FE /* iTalk2UITests.swift */,
				181552722935B62900E051FE /* iTalk2UITestsLaunchTests.swift */,
			);
			path = iTalk2UITests;
			sourceTree = "<group>";
		};
		181552832935B67900E051FE /* New Group */ = {
			isa = PBXGroup;
			children = (
				18BACEE12936EA90005EE142 /* Grid.swift */,
				18BACEDE2936EA8F005EE142 /* GridLayout.swift */,
				18C491882935BDE800844F38 /* ContentView2.swift */,
				18C4918A2935BE1600844F38 /* ContentView3.swift */,
			);
			path = "New Group";
			sourceTree = "<group>";
		};
/* End PBXGroup section */

/* Begin PBXNativeTarget section */
		1815524B2935B62500E051FE /* iTalk2 */ = {
			isa = PBXNativeTarget;
			buildConfigurationList = 181552762935B62900E051FE /* Build configuration list for PBXNativeTarget "iTalk2" */;
			buildPhases = (
				181552482935B62500E051FE /* Sources */,
				181552492935B62500E051FE /* Frameworks */,
				1815524A2935B62500E051FE /* Resources */,
			);
			buildRules = (
			);
			dependencies = (
			);
			name = iTalk2;
			packageProductDependencies = (
				18BACEF22936EE2E005EE142 /* SDWebImageSwiftUI */,
				18BACEF52936F1AF005EE142 /* FirebaseAuth */,
				18BACEF72936F1AF005EE142 /* FirebaseDatabase */,
				18BACEF92936F1AF005EE142 /* FirebaseDatabaseSwift */,
				18BACEFB2936F1AF005EE142 /* FirebaseFirestore */,
				18BACEFD2936F1AF005EE142 /* FirebaseFirestoreSwift */,
				18BACEFF2936F1AF005EE142 /* FirebaseStorage */,
			);
			productName = iTalk2;
			productReference = 1815524C2935B62500E051FE /* iTalk2.app */;
			productType = "com.apple.product-type.application";
		};
		181552612935B62900E051FE /* iTalk2Tests */ = {
			isa = PBXNativeTarget;
			buildConfigurationList = 181552792935B62900E051FE /* Build configuration list for PBXNativeTarget "iTalk2Tests" */;
			buildPhases = (
				1815525E2935B62900E051FE /* Sources */,
				1815525F2935B62900E051FE /* Frameworks */,
				181552602935B62900E051FE /* Resources */,
			);
			buildRules = (
			);
			dependencies = (
				181552642935B62900E051FE /* PBXTargetDependency */,
			);
			name = iTalk2Tests;
			productName = iTalk2Tests;
			productReference = 181552622935B62900E051FE /* iTalk2Tests.xctest */;
			productType = "com.apple.product-type.bundle.unit-test";
		};
		1815526B2935B62900E051FE /* iTalk2UITests */ = {
			isa = PBXNativeTarget;
			buildConfigurationList = 1815527C2935B62900E051FE /* Build configuration list for PBXNativeTarget "iTalk2UITests" */;
			buildPhases = (
				181552682935B62900E051FE /* Sources */,
				181552692935B62900E051FE /* Frameworks */,
				1815526A2935B62900E051FE /* Resources */,
			);
			buildRules = (
			);
			dependencies = (
				1815526E2935B62900E051FE /* PBXTargetDependency */,
			);
			name = iTalk2UITests;
			productName = iTalk2UITests;
			productReference = 1815526C2935B62900E051FE /* iTalk2UITests.xctest */;
			productType = "com.apple.product-type.bundle.ui-testing";
		};
/* End PBXNativeTarget section */

/* Begin PBXProject section */
		181552442935B62500E051FE /* Project object */ = {
			isa = PBXProject;
			attributes = {
				BuildIndependentTargetsInParallel = 1;
				LastSwiftUpdateCheck = 1410;
				LastUpgradeCheck = 1410;
				TargetAttributes = {
					1815524B2935B62500E051FE = {
						CreatedOnToolsVersion = 14.1;
					};
					181552612935B62900E051FE = {
						CreatedOnToolsVersion = 14.1;
						TestTargetID = 1815524B2935B62500E051FE;
					};
					1815526B2935B62900E051FE = {
						CreatedOnToolsVersion = 14.1;
						TestTargetID = 1815524B2935B62500E051FE;
					};
				};
			};
			buildConfigurationList = 181552472935B62500E051FE /* Build configuration list for PBXProject "iTalk2" */;
			compatibilityVersion = "Xcode 14.0";
			developmentRegion = en;
			hasScannedForEncodings = 0;
			knownRegions = (
				en,
				Base,
			);
			mainGroup = 181552432935B62500E051FE;
			packageReferences = (
				18BACEF12936EE2E005EE142 /* XCRemoteSwiftPackageReference "SDWebImageSwiftUI" */,
				18BACEF42936F1AF005EE142 /* XCRemoteSwiftPackageReference "firebase-ios-sdk" */,
			);
			productRefGroup = 1815524D2935B62500E051FE /* Products */;
			projectDirPath = "";
			projectRoot = "";
			targets = (
				1815524B2935B62500E051FE /* iTalk2 */,
				181552612935B62900E051FE /* iTalk2Tests */,
				1815526B2935B62900E051FE /* iTalk2UITests */,
			);
		};
/* End PBXProject section */

/* Begin PBXResourcesBuildPhase section */
		1815524A2935B62500E051FE /* Resources */ = {
			isa = PBXResourcesBuildPhase;
			buildActionMask = 2147483647;
			files = (
				181552802935B65B00E051FE /* README.md in Resources */,
				181552572935B62800E051FE /* Preview Assets.xcassets in Resources */,
				1829E518293610CF008BF351 /* GoogleService-Info.plist in Resources */,
			);
			runOnlyForDeploymentPostprocessing = 0;
		};
		181552602935B62900E051FE /* Resources */ = {
			isa = PBXResourcesBuildPhase;
			buildActionMask = 2147483647;
			files = (
			);
			runOnlyForDeploymentPostprocessing = 0;
		};
		1815526A2935B62900E051FE /* Resources */ = {
			isa = PBXResourcesBuildPhase;
			buildActionMask = 2147483647;
			files = (
			);
			runOnlyForDeploymentPostprocessing = 0;
		};
/* End PBXResourcesBuildPhase section */

/* Begin PBXSourcesBuildPhase section */
		181552482935B62500E051FE /* Sources */ = {
			isa = PBXSourcesBuildPhase;
			buildActionMask = 2147483647;
			files = (
				18A603B52937315400C45CC9 /* ChatsVM.swift in Sources */,
				180946D729373F3D0061AA22 /* TimerManager.swift in Sources */,
				180946DF29373F720061AA22 /* TypeOfContent.swift in Sources */,
				18BACF112937055D005EE142 /* ChatView.swift in Sources */,
				18A603B72937315400C45CC9 /* ContactsVM.swift in Sources */,
				18C4918B2935BE1600844F38 /* ContentView3.swift in Sources */,
				180946C0293733640061AA22 /* FirebaseManager.swift in Sources */,
				18BACF1B2937056F005EE142 /* HistoryView.swift in Sources */,
				18BACF0629370552005EE142 /* SettingsView.swift in Sources */,
				1815525C2935B62800E051FE /* iTalk2.xcdatamodeld in Sources */,
				180946D429373F3D0061AA22 /* ImagePicker.swift in Sources */,
				180946D329373F3D0061AA22 /* LocationManager.swift in Sources */,
				180946E129373F720061AA22 /* String+Extension.swift in Sources */,
				18BACF172937056A005EE142 /* ContactCell.swift in Sources */,
				180946D629373F3D0061AA22 /* AudioPlayer.swift in Sources */,
				18A603BF2937319400C45CC9 /* User.swift in Sources */,
				18BACEBB293686C5005EE142 /* ContentView.swift in Sources */,
				18C491892935BDE800844F38 /* ContentView2.swift in Sources */,
				18BACF0529370552005EE142 /* NotificationsView.swift in Sources */,
				18BACEB929368697005EE142 /* Persistence.swift in Sources */,
				18BACEED2936EA91005EE142 /* Grid.swift in Sources */,
				18BACF102937055D005EE142 /* PhotoView.swift in Sources */,
				18BACF132937055D005EE142 /* ChatTextBar.swift in Sources */,
				180946E229373F720061AA22 /* BubbleColors.swift in Sources */,
				18A603BE2937319400C45CC9 /* RecentMessage.swift in Sources */,
				180946D529373F3D0061AA22 /* Alerts.swift in Sources */,
				180946DE29373F720061AA22 /* Double+Extension.swift in Sources */,
				18A603C12937319400C45CC9 /* FirebaseDocument.swift in Sources */,
				18BACEE72936EA91005EE142 /* GridLayout.swift in Sources */,
				180946E329373F720061AA22 /* Date+Extension.swift in Sources */,
				18BACF0F2937055D005EE142 /* MapView.swift in Sources */,
				18BACF142937055D005EE142 /* InputsButtons.swift in Sources */,
				181552852935B6BA00E051FE /* Documentation.docc in Sources */,
				18BACF122937055D005EE142 /* ImageZoom.swift in Sources */,
				18A603BD2937319400C45CC9 /* FirebaseConstants.swift in Sources */,
				18BACEB72936863A005EE142 /* iTalk2App.swift in Sources */,
				18A603B62937315400C45CC9 /* LogInSignInVM.swift in Sources */,
				18A603B1293730C800C45CC9 /* LogInView.swift in Sources */,
				18BACF0429370552005EE142 /* iTalkView.swift in Sources */,
				180946D229373F3D0061AA22 /* AudioRecorder.swift in Sources */,
				180946E029373F720061AA22 /* Array+Extension.swift in Sources */,
				18BACF1C2937056F005EE142 /* HistoryCell.swift in Sources */,
				180946D129373F3D0061AA22 /* Notifications.swift in Sources */,
				18BACF182937056A005EE142 /* ContactsView.swift in Sources */,
				18BACF0E2937055D005EE142 /* ChatAudioBar.swift in Sources */,
				18A603C02937319400C45CC9 /* Chat.swift in Sources */,
			);
			runOnlyForDeploymentPostprocessing = 0;
		};
		1815525E2935B62900E051FE /* Sources */ = {
			isa = PBXSourcesBuildPhase;
			buildActionMask = 2147483647;
			files = (
				181552672935B62900E051FE /* iTalk2Tests.swift in Sources */,
			);
			runOnlyForDeploymentPostprocessing = 0;
		};
		181552682935B62900E051FE /* Sources */ = {
			isa = PBXSourcesBuildPhase;
			buildActionMask = 2147483647;
			files = (
				181552712935B62900E051FE /* iTalk2UITests.swift in Sources */,
				181552732935B62900E051FE /* iTalk2UITestsLaunchTests.swift in Sources */,
			);
			runOnlyForDeploymentPostprocessing = 0;
		};
/* End PBXSourcesBuildPhase section */

/* Begin PBXTargetDependency section */
		181552642935B62900E051FE /* PBXTargetDependency */ = {
			isa = PBXTargetDependency;
			target = 1815524B2935B62500E051FE /* iTalk2 */;
			targetProxy = 181552632935B62900E051FE /* PBXContainerItemProxy */;
		};
		1815526E2935B62900E051FE /* PBXTargetDependency */ = {
			isa = PBXTargetDependency;
			target = 1815524B2935B62500E051FE /* iTalk2 */;
			targetProxy = 1815526D2935B62900E051FE /* PBXContainerItemProxy */;
		};
/* End PBXTargetDependency section */

/* Begin XCBuildConfiguration section */
		181552742935B62900E051FE /* Debug */ = {
			isa = XCBuildConfiguration;
			buildSettings = {
				ALWAYS_SEARCH_USER_PATHS = NO;
				CLANG_ANALYZER_NONNULL = YES;
				CLANG_ANALYZER_NUMBER_OBJECT_CONVERSION = YES_AGGRESSIVE;
				CLANG_CXX_LANGUAGE_STANDARD = "gnu++20";
				CLANG_ENABLE_MODULES = YES;
				CLANG_ENABLE_OBJC_ARC = YES;
				CLANG_ENABLE_OBJC_WEAK = YES;
				CLANG_WARN_BLOCK_CAPTURE_AUTORELEASING = YES;
				CLANG_WARN_BOOL_CONVERSION = YES;
				CLANG_WARN_COMMA = YES;
				CLANG_WARN_CONSTANT_CONVERSION = YES;
				CLANG_WARN_DEPRECATED_OBJC_IMPLEMENTATIONS = YES;
				CLANG_WARN_DIRECT_OBJC_ISA_USAGE = YES_ERROR;
				CLANG_WARN_DOCUMENTATION_COMMENTS = YES;
				CLANG_WARN_EMPTY_BODY = YES;
				CLANG_WARN_ENUM_CONVERSION = YES;
				CLANG_WARN_INFINITE_RECURSION = YES;
				CLANG_WARN_INT_CONVERSION = YES;
				CLANG_WARN_NON_LITERAL_NULL_CONVERSION = YES;
				CLANG_WARN_OBJC_IMPLICIT_RETAIN_SELF = YES;
				CLANG_WARN_OBJC_LITERAL_CONVERSION = YES;
				CLANG_WARN_OBJC_ROOT_CLASS = YES_ERROR;
				CLANG_WARN_QUOTED_INCLUDE_IN_FRAMEWORK_HEADER = YES;
				CLANG_WARN_RANGE_LOOP_ANALYSIS = YES;
				CLANG_WARN_STRICT_PROTOTYPES = YES;
				CLANG_WARN_SUSPICIOUS_MOVE = YES;
				CLANG_WARN_UNGUARDED_AVAILABILITY = YES_AGGRESSIVE;
				CLANG_WARN_UNREACHABLE_CODE = YES;
				CLANG_WARN__DUPLICATE_METHOD_MATCH = YES;
				COPY_PHASE_STRIP = NO;
				DEBUG_INFORMATION_FORMAT = dwarf;
				ENABLE_STRICT_OBJC_MSGSEND = YES;
				ENABLE_TESTABILITY = YES;
				GCC_C_LANGUAGE_STANDARD = gnu11;
				GCC_DYNAMIC_NO_PIC = NO;
				GCC_NO_COMMON_BLOCKS = YES;
				GCC_OPTIMIZATION_LEVEL = 0;
				GCC_PREPROCESSOR_DEFINITIONS = (
					"DEBUG=1",
					"$(inherited)",
				);
				GCC_WARN_64_TO_32_BIT_CONVERSION = YES;
				GCC_WARN_ABOUT_RETURN_TYPE = YES_ERROR;
				GCC_WARN_UNDECLARED_SELECTOR = YES;
				GCC_WARN_UNINITIALIZED_AUTOS = YES_AGGRESSIVE;
				GCC_WARN_UNUSED_FUNCTION = YES;
				GCC_WARN_UNUSED_VARIABLE = YES;
				IPHONEOS_DEPLOYMENT_TARGET = 16.1;
				MTL_ENABLE_DEBUG_INFO = INCLUDE_SOURCE;
				MTL_FAST_MATH = YES;
				ONLY_ACTIVE_ARCH = YES;
				SDKROOT = iphoneos;
				SWIFT_ACTIVE_COMPILATION_CONDITIONS = DEBUG;
				SWIFT_OPTIMIZATION_LEVEL = "-Onone";
				SWIFT_VERSION = 5.0;
			};
			name = Debug;
		};
		181552752935B62900E051FE /* Release */ = {
			isa = XCBuildConfiguration;
			buildSettings = {
				ALWAYS_SEARCH_USER_PATHS = NO;
				CLANG_ANALYZER_NONNULL = YES;
				CLANG_ANALYZER_NUMBER_OBJECT_CONVERSION = YES_AGGRESSIVE;
				CLANG_CXX_LANGUAGE_STANDARD = "gnu++20";
				CLANG_ENABLE_MODULES = YES;
				CLANG_ENABLE_OBJC_ARC = YES;
				CLANG_ENABLE_OBJC_WEAK = YES;
				CLANG_WARN_BLOCK_CAPTURE_AUTORELEASING = YES;
				CLANG_WARN_BOOL_CONVERSION = YES;
				CLANG_WARN_COMMA = YES;
				CLANG_WARN_CONSTANT_CONVERSION = YES;
				CLANG_WARN_DEPRECATED_OBJC_IMPLEMENTATIONS = YES;
				CLANG_WARN_DIRECT_OBJC_ISA_USAGE = YES_ERROR;
				CLANG_WARN_DOCUMENTATION_COMMENTS = YES;
				CLANG_WARN_EMPTY_BODY = YES;
				CLANG_WARN_ENUM_CONVERSION = YES;
				CLANG_WARN_INFINITE_RECURSION = YES;
				CLANG_WARN_INT_CONVERSION = YES;
				CLANG_WARN_NON_LITERAL_NULL_CONVERSION = YES;
				CLANG_WARN_OBJC_IMPLICIT_RETAIN_SELF = YES;
				CLANG_WARN_OBJC_LITERAL_CONVERSION = YES;
				CLANG_WARN_OBJC_ROOT_CLASS = YES_ERROR;
				CLANG_WARN_QUOTED_INCLUDE_IN_FRAMEWORK_HEADER = YES;
				CLANG_WARN_RANGE_LOOP_ANALYSIS = YES;
				CLANG_WARN_STRICT_PROTOTYPES = YES;
				CLANG_WARN_SUSPICIOUS_MOVE = YES;
				CLANG_WARN_UNGUARDED_AVAILABILITY = YES_AGGRESSIVE;
				CLANG_WARN_UNREACHABLE_CODE = YES;
				CLANG_WARN__DUPLICATE_METHOD_MATCH = YES;
				COPY_PHASE_STRIP = NO;
				DEBUG_INFORMATION_FORMAT = "dwarf-with-dsym";
				ENABLE_NS_ASSERTIONS = NO;
				ENABLE_STRICT_OBJC_MSGSEND = YES;
				GCC_C_LANGUAGE_STANDARD = gnu11;
				GCC_NO_COMMON_BLOCKS = YES;
				GCC_WARN_64_TO_32_BIT_CONVERSION = YES;
				GCC_WARN_ABOUT_RETURN_TYPE = YES_ERROR;
				GCC_WARN_UNDECLARED_SELECTOR = YES;
				GCC_WARN_UNINITIALIZED_AUTOS = YES_AGGRESSIVE;
				GCC_WARN_UNUSED_FUNCTION = YES;
				GCC_WARN_UNUSED_VARIABLE = YES;
				IPHONEOS_DEPLOYMENT_TARGET = 16.1;
				MTL_ENABLE_DEBUG_INFO = NO;
				MTL_FAST_MATH = YES;
				SDKROOT = iphoneos;
				SWIFT_COMPILATION_MODE = wholemodule;
				SWIFT_OPTIMIZATION_LEVEL = "-O";
				SWIFT_VERSION = 5.0;
				VALIDATE_PRODUCT = YES;
			};
			name = Release;
		};
		181552772935B62900E051FE /* Debug */ = {
			isa = XCBuildConfiguration;
			buildSettings = {
				ASSETCATALOG_COMPILER_APPICON_NAME = AppIcon;
				ASSETCATALOG_COMPILER_GLOBAL_ACCENT_COLOR_NAME = AccentColor;
				CODE_SIGN_STYLE = Automatic;
				CURRENT_PROJECT_VERSION = 1;
				DEVELOPMENT_ASSET_PATHS = "\"iTalk2/Preview Content\"";
				DEVELOPMENT_TEAM = U4M526LLNP;
				ENABLE_PREVIEWS = YES;
				GENERATE_INFOPLIST_FILE = YES;
				INFOPLIST_KEY_UIApplicationSceneManifest_Generation = YES;
				INFOPLIST_KEY_UIApplicationSupportsIndirectInputEvents = YES;
				INFOPLIST_KEY_UILaunchScreen_Generation = YES;
				INFOPLIST_KEY_UISupportedInterfaceOrientations_iPad = "UIInterfaceOrientationPortrait UIInterfaceOrientationPortraitUpsideDown UIInterfaceOrientationLandscapeLeft UIInterfaceOrientationLandscapeRight";
				INFOPLIST_KEY_UISupportedInterfaceOrientations_iPhone = "UIInterfaceOrientationPortrait UIInterfaceOrientationLandscapeLeft UIInterfaceOrientationLandscapeRight";
				LD_RUNPATH_SEARCH_PATHS = (
					"$(inherited)",
					"@executable_path/Frameworks",
				);
				MARKETING_VERSION = 1.0;
				PRODUCT_BUNDLE_IDENTIFIER = iTalk2;
				PRODUCT_NAME = "$(TARGET_NAME)";
				SWIFT_EMIT_LOC_STRINGS = YES;
				SWIFT_VERSION = 5.0;
				TARGETED_DEVICE_FAMILY = "1,2";
			};
			name = Debug;
		};
		181552782935B62900E051FE /* Release */ = {
			isa = XCBuildConfiguration;
			buildSettings = {
				ASSETCATALOG_COMPILER_APPICON_NAME = AppIcon;
				ASSETCATALOG_COMPILER_GLOBAL_ACCENT_COLOR_NAME = AccentColor;
				CODE_SIGN_STYLE = Automatic;
				CURRENT_PROJECT_VERSION = 1;
				DEVELOPMENT_ASSET_PATHS = "\"iTalk2/Preview Content\"";
				DEVELOPMENT_TEAM = U4M526LLNP;
				ENABLE_PREVIEWS = YES;
				GENERATE_INFOPLIST_FILE = YES;
				INFOPLIST_KEY_UIApplicationSceneManifest_Generation = YES;
				INFOPLIST_KEY_UIApplicationSupportsIndirectInputEvents = YES;
				INFOPLIST_KEY_UILaunchScreen_Generation = YES;
				INFOPLIST_KEY_UISupportedInterfaceOrientations_iPad = "UIInterfaceOrientationPortrait UIInterfaceOrientationPortraitUpsideDown UIInterfaceOrientationLandscapeLeft UIInterfaceOrientationLandscapeRight";
				INFOPLIST_KEY_UISupportedInterfaceOrientations_iPhone = "UIInterfaceOrientationPortrait UIInterfaceOrientationLandscapeLeft UIInterfaceOrientationLandscapeRight";
				LD_RUNPATH_SEARCH_PATHS = (
					"$(inherited)",
					"@executable_path/Frameworks",
				);
				MARKETING_VERSION = 1.0;
				PRODUCT_BUNDLE_IDENTIFIER = iTalk2;
				PRODUCT_NAME = "$(TARGET_NAME)";
				SWIFT_EMIT_LOC_STRINGS = YES;
				SWIFT_VERSION = 5.0;
				TARGETED_DEVICE_FAMILY = "1,2";
			};
			name = Release;
		};
		1815527A2935B62900E051FE /* Debug */ = {
			isa = XCBuildConfiguration;
			buildSettings = {
				ALWAYS_EMBED_SWIFT_STANDARD_LIBRARIES = YES;
				BUNDLE_LOADER = "$(TEST_HOST)";
				CODE_SIGN_STYLE = Automatic;
				CURRENT_PROJECT_VERSION = 1;
				DEVELOPMENT_TEAM = U4M526LLNP;
				GENERATE_INFOPLIST_FILE = YES;
				IPHONEOS_DEPLOYMENT_TARGET = 16.1;
				MARKETING_VERSION = 1.0;
				PRODUCT_BUNDLE_IDENTIFIER = iTalk2.iTalk2Tests;
				PRODUCT_NAME = "$(TARGET_NAME)";
				SWIFT_EMIT_LOC_STRINGS = NO;
				SWIFT_VERSION = 5.0;
				TARGETED_DEVICE_FAMILY = "1,2";
				TEST_HOST = "$(BUILT_PRODUCTS_DIR)/iTalk2.app/$(BUNDLE_EXECUTABLE_FOLDER_PATH)/iTalk2";
			};
			name = Debug;
		};
		1815527B2935B62900E051FE /* Release */ = {
			isa = XCBuildConfiguration;
			buildSettings = {
				ALWAYS_EMBED_SWIFT_STANDARD_LIBRARIES = YES;
				BUNDLE_LOADER = "$(TEST_HOST)";
				CODE_SIGN_STYLE = Automatic;
				CURRENT_PROJECT_VERSION = 1;
				DEVELOPMENT_TEAM = U4M526LLNP;
				GENERATE_INFOPLIST_FILE = YES;
				IPHONEOS_DEPLOYMENT_TARGET = 16.1;
				MARKETING_VERSION = 1.0;
				PRODUCT_BUNDLE_IDENTIFIER = iTalk2.iTalk2Tests;
				PRODUCT_NAME = "$(TARGET_NAME)";
				SWIFT_EMIT_LOC_STRINGS = NO;
				SWIFT_VERSION = 5.0;
				TARGETED_DEVICE_FAMILY = "1,2";
				TEST_HOST = "$(BUILT_PRODUCTS_DIR)/iTalk2.app/$(BUNDLE_EXECUTABLE_FOLDER_PATH)/iTalk2";
			};
			name = Release;
		};
		1815527D2935B62900E051FE /* Debug */ = {
			isa = XCBuildConfiguration;
			buildSettings = {
				ALWAYS_EMBED_SWIFT_STANDARD_LIBRARIES = YES;
				CODE_SIGN_STYLE = Automatic;
				CURRENT_PROJECT_VERSION = 1;
				DEVELOPMENT_TEAM = U4M526LLNP;
				GENERATE_INFOPLIST_FILE = YES;
				MARKETING_VERSION = 1.0;
				PRODUCT_BUNDLE_IDENTIFIER = iTalk2.iTalk2UITests;
				PRODUCT_NAME = "$(TARGET_NAME)";
				SWIFT_EMIT_LOC_STRINGS = NO;
				SWIFT_VERSION = 5.0;
				TARGETED_DEVICE_FAMILY = "1,2";
				TEST_TARGET_NAME = iTalk2;
			};
			name = Debug;
		};
		1815527E2935B62900E051FE /* Release */ = {
			isa = XCBuildConfiguration;
			buildSettings = {
				ALWAYS_EMBED_SWIFT_STANDARD_LIBRARIES = YES;
				CODE_SIGN_STYLE = Automatic;
				CURRENT_PROJECT_VERSION = 1;
				DEVELOPMENT_TEAM = U4M526LLNP;
				GENERATE_INFOPLIST_FILE = YES;
				MARKETING_VERSION = 1.0;
				PRODUCT_BUNDLE_IDENTIFIER = iTalk2.iTalk2UITests;
				PRODUCT_NAME = "$(TARGET_NAME)";
				SWIFT_EMIT_LOC_STRINGS = NO;
				SWIFT_VERSION = 5.0;
				TARGETED_DEVICE_FAMILY = "1,2";
				TEST_TARGET_NAME = iTalk2;
			};
			name = Release;
		};
/* End XCBuildConfiguration section */

/* Begin XCConfigurationList section */
		181552472935B62500E051FE /* Build configuration list for PBXProject "iTalk2" */ = {
			isa = XCConfigurationList;
			buildConfigurations = (
				181552742935B62900E051FE /* Debug */,
				181552752935B62900E051FE /* Release */,
			);
			defaultConfigurationIsVisible = 0;
			defaultConfigurationName = Release;
		};
		181552762935B62900E051FE /* Build configuration list for PBXNativeTarget "iTalk2" */ = {
			isa = XCConfigurationList;
			buildConfigurations = (
				181552772935B62900E051FE /* Debug */,
				181552782935B62900E051FE /* Release */,
			);
			defaultConfigurationIsVisible = 0;
			defaultConfigurationName = Release;
		};
		181552792935B62900E051FE /* Build configuration list for PBXNativeTarget "iTalk2Tests" */ = {
			isa = XCConfigurationList;
			buildConfigurations = (
				1815527A2935B62900E051FE /* Debug */,
				1815527B2935B62900E051FE /* Release */,
			);
			defaultConfigurationIsVisible = 0;
			defaultConfigurationName = Release;
		};
		1815527C2935B62900E051FE /* Build configuration list for PBXNativeTarget "iTalk2UITests" */ = {
			isa = XCConfigurationList;
			buildConfigurations = (
				1815527D2935B62900E051FE /* Debug */,
				1815527E2935B62900E051FE /* Release */,
			);
			defaultConfigurationIsVisible = 0;
			defaultConfigurationName = Release;
		};
/* End XCConfigurationList section */

/* Begin XCRemoteSwiftPackageReference section */
		18BACEF12936EE2E005EE142 /* XCRemoteSwiftPackageReference "SDWebImageSwiftUI" */ = {
			isa = XCRemoteSwiftPackageReference;
			repositoryURL = "https://github.com/SDWebImage/SDWebImageSwiftUI";
			requirement = {
				kind = upToNextMajorVersion;
				minimumVersion = 2.0.0;
			};
		};
		18BACEF42936F1AF005EE142 /* XCRemoteSwiftPackageReference "firebase-ios-sdk" */ = {
			isa = XCRemoteSwiftPackageReference;
			repositoryURL = "https://github.com/firebase/firebase-ios-sdk.git";
			requirement = {
				kind = upToNextMajorVersion;
				minimumVersion = 9.0.0;
			};
		};
/* End XCRemoteSwiftPackageReference section */

/* Begin XCSwiftPackageProductDependency section */
		18BACEF22936EE2E005EE142 /* SDWebImageSwiftUI */ = {
			isa = XCSwiftPackageProductDependency;
			package = 18BACEF12936EE2E005EE142 /* XCRemoteSwiftPackageReference "SDWebImageSwiftUI" */;
			productName = SDWebImageSwiftUI;
		};
		18BACEF52936F1AF005EE142 /* FirebaseAuth */ = {
			isa = XCSwiftPackageProductDependency;
			package = 18BACEF42936F1AF005EE142 /* XCRemoteSwiftPackageReference "firebase-ios-sdk" */;
			productName = FirebaseAuth;
		};
		18BACEF72936F1AF005EE142 /* FirebaseDatabase */ = {
			isa = XCSwiftPackageProductDependency;
			package = 18BACEF42936F1AF005EE142 /* XCRemoteSwiftPackageReference "firebase-ios-sdk" */;
			productName = FirebaseDatabase;
		};
		18BACEF92936F1AF005EE142 /* FirebaseDatabaseSwift */ = {
			isa = XCSwiftPackageProductDependency;
			package = 18BACEF42936F1AF005EE142 /* XCRemoteSwiftPackageReference "firebase-ios-sdk" */;
			productName = FirebaseDatabaseSwift;
		};
		18BACEFB2936F1AF005EE142 /* FirebaseFirestore */ = {
			isa = XCSwiftPackageProductDependency;
			package = 18BACEF42936F1AF005EE142 /* XCRemoteSwiftPackageReference "firebase-ios-sdk" */;
			productName = FirebaseFirestore;
		};
		18BACEFD2936F1AF005EE142 /* FirebaseFirestoreSwift */ = {
			isa = XCSwiftPackageProductDependency;
			package = 18BACEF42936F1AF005EE142 /* XCRemoteSwiftPackageReference "firebase-ios-sdk" */;
			productName = FirebaseFirestoreSwift;
		};
		18BACEFF2936F1AF005EE142 /* FirebaseStorage */ = {
			isa = XCSwiftPackageProductDependency;
			package = 18BACEF42936F1AF005EE142 /* XCRemoteSwiftPackageReference "firebase-ios-sdk" */;
			productName = FirebaseStorage;
		};
/* End XCSwiftPackageProductDependency section */

/* Begin XCVersionGroup section */
		1815525A2935B62800E051FE /* iTalk2.xcdatamodeld */ = {
			isa = XCVersionGroup;
			children = (
				1815525B2935B62800E051FE /* iTalk2.xcdatamodel */,
			);
			currentVersion = 1815525B2935B62800E051FE /* iTalk2.xcdatamodel */;
			path = iTalk2.xcdatamodeld;
			sourceTree = "<group>";
			versionGroupType = wrapper.xcdatamodel;
		};
/* End XCVersionGroup section */
	};
	rootObject = 181552442935B62500E051FE /* Project object */;
}
